{
    "_meta": {
        "hash": {
            "sha256": "6b5831c2f82d5b90e91cc3b6eb167ac92dbd9faeeee5a01b754e8512c3f91e90"
        },
        "host-environment-markers": {
            "implementation_name": "cpython",
            "implementation_version": "3.5.4",
            "os_name": "posix",
            "platform_machine": "x86_64",
            "platform_python_implementation": "CPython",
            "platform_release": "4.13.0-1-amd64",
            "platform_system": "Linux",
            "platform_version": "#1 SMP Debian 4.13.4-2 (2017-10-15)",
            "python_full_version": "3.5.4",
            "python_version": "3.5",
            "sys_platform": "linux"
        },
        "pipfile-spec": 6,
        "requires": {},
        "sources": [
            {
                "name": "pypi",
                "url": "https://pypi.python.org/simple",
                "verify_ssl": true
            }
        ]
    },
    "default": {
        "4392609": {
            "editable": true,
            "path": "pyborg"
        },
        "aeidon": {
            "hashes": [
                "sha256:b12559b85926548607ac5d54133f8c2574cb13c581e5781f01c4dc07c7056d19",
                "sha256:9e1f192f8f9d36acdcbf0e7354d95e2d997addebeb7be4be1b0fc1f686f54b6d"
            ],
            "markers": "python_version >= '3.0'",
            "version": "==1.2"
        },
        "aiohttp": {
            "hashes": [
                "sha256:81a6aaace2b9e8a87531277a5d5f998efbd3554c15bf47173834386966d1bbe1",
                "sha256:ad374a5d7be1de271ecd0fb0ef87c0f8dd9fb062e6fae350fa6c098360018978",
                "sha256:3ac6fa105355928e2fc02e876d0d72d6230557d4637017ebf09aec7611124155",
                "sha256:3a253332a0d8f82549e65035ebe7199580c3ea0e47071b7428f25b109b3c0310",
                "sha256:e1985766a4c83fcbdf7dde06544231fc9fb3de8929788179e623d6f9f9f321d2",
                "sha256:714c62532ca6be90be4b54002743e7ea277ec78b45f04ae86cdc6f45a8400abd",
                "sha256:c579ec606f25b3f756f177fee6db344f8d7ef75cfc0603a94c9fa1d1c645789d",
                "sha256:3bfcb76553d7f6296d1a598162d5fb890198f98c021540cbbb85bb604ff198db",
                "sha256:c3e1897726f97d40e067e8b658b2dbdfe216f32b801c5c589212e1b1f9aa8388"
            ],
            "markers": "python_version >= '3.0'",
            "version": "==1.0.5"
        },
        "argparse": {
            "hashes": [
                "sha256:c31647edb69fd3d465a847ea3157d37bed1f95f19760b11a47aa91c04b666314",
                "sha256:62b089a55be1d8949cd2bc7e0df0bddb9e028faefc8c32038cc84862aefdd6e4"
            ],
            "version": "==1.4.0"
        },
        "arrow": {
            "hashes": [
                "sha256:805906f09445afc1f0fc80187db8fe07670e3b25cdafa09b8d8ac264a8c0c722"
            ],
            "version": "==0.10.0"
        },
        "async-timeout": {
            "hashes": [
                "sha256:d3a195a827b0f4068d1616ae2da04aac62e365d14f2b13dbc071f9feed9db4e2",
                "sha256:c17d8ac2d735d59aa62737d76f2787a6c938f5a944ecf768a8c0ab70b0dea566"
            ],
            "markers": "python_version >= '3.0'",
            "version": "==2.0.0"
        },
        "attrs": {
            "hashes": [
                "sha256:a7e0d9183f6457de12df7ba6a81f6569c7d6b25f67ad509b5ad52e8545970a2f",
                "sha256:5d4d1b99f94d69338f485984127e4473b3ab9e20f43821b0e546cc3b2302fd11"
            ],
            "version": "==17.2.0"
        },
        "backports.functools-lru-cache": {
            "hashes": [
                "sha256:4ba998e881f285c1d1b73f5b6e3766539b4e162320f9589334400c5ddc35198c",
                "sha256:31f235852f88edc1558d428d890663c49eb4514ffec9f3650e7f3c9e4a12e36f"
            ],
            "markers": "python_version == '2.7'",
            "version": "==1.4"
        },
        "bottle": {
            "hashes": [
                "sha256:39b751aee0b167be8dffb63ca81b735bbf1dd0905b3bc42761efedee8f123355"
            ],
            "version": "==0.12.13"
        },
        "certifi": {
            "hashes": [
                "sha256:54a07c09c586b0e4c619f02a5e94e36619da8e2b053e20f594348c0611803704",
                "sha256:40523d2efb60523e113b44602298f0960e900388cf3bb6043f645cf57ea9e3f5"
            ],
            "version": "==2017.7.27.1"
        },
        "chardet": {
            "hashes": [
                "sha256:fc323ffcaeaed0e0a02bf4d117757b98aed530d9ed4531e3e15460124c106691",
                "sha256:84ab92ed1c4d4f16916e05906b6b75a6c0fb5db821cc65e70cbd64a3e2a5eaae"
            ],
            "version": "==3.0.4"
        },
        "click": {
            "hashes": [
                "sha256:29f99fc6125fbc931b758dc053b3114e55c77a6e4c6c3a2674a2dc986016381d",
                "sha256:f15516df478d5a56180fbf80e68f206010e6d160fc39fa508b65e035fd75130b"
            ],
            "version": "==6.7"
        },
        "dateutils": {
            "hashes": [
                "sha256:c94a8e77d743abac79ed91f99f5ef594a972a527e05145cbb7aba59beced8a71"
            ],
            "version": "==0.6.6"
        },
        "discord.py": {
            "hashes": [
                "sha256:d775b701383e3a5762accf3816b819f357f299476701615ac30c7715a5ea79aa"
            ],
            "markers": "python_version >= '3.0'",
            "version": "==0.16.8"
        },
        "httplib2": {
            "hashes": [
                "sha256:e404d3b7bd86c1bc931906098e7c1305d6a3a6dcef141b8bb1059903abb3ceeb"
            ],
            "version": "==0.10.3"
        },
        "httpretty": {
            "hashes": [
                "sha256:cf51d23dae21b4da2c083a6efa381f5ab967d61095e45de1123f358812024237",
                "sha256:83c176bbac9d68a45a5cca54f2d5be7e6b16a063adf6f334e7fd0eee272e976e"
            ],
            "version": "==0.8.14"
        },
        "humanize": {
            "hashes": [
                "sha256:a43f57115831ac7c70de098e6ac46ac13be00d69abbf60bdcac251344785bb19"
            ],
            "version": "==0.5.1"
        },
        "idna": {
            "hashes": [
                "sha256:8c7309c718f94b3a625cb648ace320157ad16ff131ae0af362c9f21b80ef6ec4",
                "sha256:2c6a5de3089009e3da7c5dde64a141dbc8551d5b7f6cf4ed7c2568d0cc520a8f"
            ],
            "version": "==2.6"
        },
        "inflect": {
            "hashes": [
                "sha256:0e2358f4f46a54cca3d77b983fa3708b02dc83acd8d28466a67e88b72e5c1b34",
                "sha256:2014c8dcb2114ebae2941ba3f0fbd98a02c846792a7b72f2da31eb9aa431a818"
            ],
            "version": "==0.2.5"
        },
        "irc": {
            "hashes": [
                "sha256:922eafadf822552972b50507d683be9e5b2783e5fc16bc58401dd2f0ae08f111",
                "sha256:13d73fe9b921edc123d437e911c92e71f7bdcb264342eb5843e1db576418580f"
            ],
            "version": "==16.0"
        },
        "jaraco.classes": {
            "hashes": [
                "sha256:9269b23d1f57f7dd6a97074647ad5d217f6508875f6eeb4b352145998aecb4fa",
                "sha256:3b0cb599d82dd6f16e2d219d87bd2325fdbaf7d3660b4b3ec93ff559a2c30156"
            ],
            "version": "==1.4.1"
        },
        "jaraco.collections": {
            "hashes": [
                "sha256:812ff7b5985650b072e9da17515b6e624585c6ceb08f11927c4b3661ceebc40f",
                "sha256:81ce2c69be8b009a49222393a439377c0f3298788da232d404da7923ace85909"
            ],
            "version": "==1.5.1"
        },
        "jaraco.functools": {
            "hashes": [
                "sha256:10a13cf26b85e8234ad4c40269105a7744f4a7925d862f8634a57eebfe47bb3a",
                "sha256:2d9b883e568b0926588a130a5223f18c5086b14dac6aecca05d961643f1e3458"
            ],
            "version": "==1.16"
        },
        "jaraco.itertools": {
            "hashes": [
                "sha256:f574ea3e66dfaf4b422255579ec48256b6b145fd0ce0ad92497c19b91b85c387",
                "sha256:a747ea689afdbd802740a0f9bfa737a04ca4479ecfa3e9a7c680ce84a0ae2c97"
            ],
            "version": "==2.0.1"
        },
        "jaraco.logging": {
            "hashes": [
                "sha256:2bba4e361d17e99253398d7dc7385adb50db94b4d20ee3d99bcf78964ddf350d",
                "sha256:05c8922640cd22e7c6cb71068ef494a227b61ae8a0cd43b28ab1fa08ef4f7cd3"
            ],
            "version": "==1.5"
        },
        "jaraco.stream": {
            "hashes": [
                "sha256:c4df46bd12da366763cbb45ee1aaa1b6ddfdb6fa752d04e6df8226e1c3828626",
                "sha256:1acfb4f7318e9a3d074836c3536a59b63df66e9674fa237c832e419815755046"
            ],
            "version": "==1.1.2"
        },
        "jaraco.text": {
            "hashes": [
                "sha256:9ea525f3e7faef0f0168e821041b03c746c71b2c60624f6b64b158ac60167659",
                "sha256:f7c3b2e5e1155939484c1c970c74c648c3ae0e85fb1a4148d01f02fb50748387"
            ],
            "version": "==1.9.2"
        },
        "lxml": {
            "hashes": [
                "sha256:7a8715539adb41c78129983ba69d852e0102a3f51d559eeb91dce1f6290c4ad0",
                "sha256:d3a98dda9831a37ef7f55c5e69c0d276c278f24978f5b36b9fad7eac05a22bfc",
                "sha256:1deacd52638da2d7fcb864c3949f0285638ec10e6aace93ce15c6a2e0ed91b95",
                "sha256:1548247ea3b50014a3ea55ad9446108df191b6a6e51aa8f5953c95b663f382ff",
                "sha256:5da6f5b31ea2b573cb20e88aefc6b49d849d07588ba60871342cae42f569b0d7",
                "sha256:12e348eb57fb79ccf91a49b7b937c49a5bbe1d73ba75589674b76a56d064bda0",
                "sha256:b9e1735918fc1e83c522b9f1048e6bc5af38af958e4efc843046e4b0075a021b",
                "sha256:fafeb4b190bd63ba2bcee2496d99cb7345fafbace6b999403010abdff8c05b72",
                "sha256:9007da6fb1b96fb1c9d7bd65e97bbbad60295abc19833d7e67e05314c1868f58",
                "sha256:cfbf0b956f33cda3af2a1438a2541549b69a7a240e71de7d8ca819b8f1547aac",
                "sha256:0a103253a94cdad86028d273aaebb8b30c75fdf009c23e52cdc8ce88429fd326",
                "sha256:b3d5a0ecf0c2c31c404246b6706b2e477159ee07b73be5102389ab250dd67701",
                "sha256:e92af0fd08c7d2176ad4be4a7c47fd800d6ee05046b41e36ed579c01fb106c25",
                "sha256:feb2144c2ae4035ad57165dd22bdc93b1389158a985c0497a096d39e2b2cd67b",
                "sha256:a4433655219b84a360dbdf2c34d9625c3988a272e6fc028222d528ad5902f6a2",
                "sha256:db98287cb1488eb103930a64444542f6ffe83694ef392f801aa56d648d905663",
                "sha256:307d325ee143b60b9c82912e96e9f4345200c33c8ae00b04b001e4c85fb5f146",
                "sha256:5caec9b174dbf927034d588669c62d2a9d0ce447365b20a3463f4daab1e4f03b",
                "sha256:fb816595494ce21191764572215f56edfbc6d9fbebd1491c8466502892989689",
                "sha256:10399bececdb67f0d9251ecf2dda2abf6ddeee6096741754356f1a3715c8c830",
                "sha256:c263fd15d27f3be93485fcd83a495cbbc35352512d9e31644d49a54504a1be2a",
                "sha256:c10ad53216d5af2b3ba63e65db793cb7dd7e598e17826938045e32f38b0e4814",
                "sha256:d42a5182d4b0953d02e5f46c9f0dc304be736fbaa1c0d2f11326182b9684b5f4",
                "sha256:dd7c22bf890d266e72c5e5c8c44555ffbfe4ca2a329da785e7d8b1972fc3ff74",
                "sha256:93df9805146980e83834ea9320baa6a56d8aea45f63d7d3cc721f71eb1a1bac6",
                "sha256:7ba1b62fe9414d73d493241011df952b72074808debc3a2d6d8a64fb9944edf6",
                "sha256:d2c121f5f77bed1e1eddeee23ee76fee8a3d48fa7a3aab589d12942f87778a9e",
                "sha256:be3aaeb5f468a49f523f16736ccff7d82af2b4b303292ba3d052b5b28f3fbe47"
            ],
            "version": "==4.1.0"
        },
        "mastodon.py": {
            "hashes": [
                "sha256:c7b5ad5d149a03373a69072ef95229106dd8e28642886608a675bb05e6453963",
                "sha256:d4efe41d2c058892fadb38ab255f1f7ba7a00b8b699b44c51616004fe0eada04"
            ],
            "version": "==1.0.8"
        },
        "more-itertools": {
            "hashes": [
                "sha256:1e2ec20d4227a3897f6cdb1fb6f4c1045495f44656e2af11a363db21e34f484f",
                "sha256:e744b8eb1d911ea7fe915244aa98393b119c07d116e754126450a0b7d03d7e33",
                "sha256:bbe567eedc2fa930d802b848c808b5a9323f7fad2cce2ecd8832ec6e3b019e4a"
            ],
            "version": "==3.2.0"
        },
        "multidict": {
            "hashes": [
                "sha256:408adc42a58e19cd5e55ddbb907b817673c64904ff51bd397723b31b7cce0757",
                "sha256:da9449d1d78cd0451e27d93c121b20d3f3ac0188c1a87bf2e5982c28c031681e",
                "sha256:8bcbcb00d05cbb9b85f2dcce36e6c6a2fdf4fe4969331305d8857bc5211a1136",
                "sha256:fe7101b129ed478022b6211375b64e7b4bbdb78c344002a2b74fbbe759767f9b",
                "sha256:0da3b09079356c169b2e81eb18b5c784738cb2129a0bf912f6b7ec81211f9902",
                "sha256:3a68db44bc7c6c1587e6467c1e475b9f247a5b4894eb1e3b6a92c62599658108",
                "sha256:f0954db3abc8143c9428785e5a1754110e1503ae6491ef6f672d09603e858e02",
                "sha256:240d312195386c8bdb4006a3839d4e0bdac5b36ed5edbe2cbf36ae74da7c13f2",
                "sha256:1b685d2b60858640ba539586cded370c222e4d8005f45508a2d64c19e7a0933e",
                "sha256:ec86cbcf11676fabc9e8f5e5aef74686a6fa97c57638690311696b28cbe19f5e",
                "sha256:a7a1921373737464ed34f6bb1e3681c41c2332d9a1c40e2319e01951af788efa",
                "sha256:0d7f532b6dc0e8714ffc735492558070fdd411414c0a03c007a703175c7da415",
                "sha256:912556eeae51bdc4ed411e6a6e2fdbc6bba77aac1c6caca737c788383c98e882",
                "sha256:24f9d4440bd61d4a84a3b0bca8b904e6f25e34e728a69173b3ab4340f733855a",
                "sha256:eb2575713f0ecff4decbfee89f0991d2120c85b0f9401b100bb8c2e279e1aa20",
                "sha256:bd1ae0758dc27c07c3618a65c1ebd3274f60e8a0d8cf9eac09f4b078a53b972e",
                "sha256:438d2a27fd2db0539e7a093286396a53fca953f3a3521aa0abf57a2e40820044",
                "sha256:feefa7557ba49b15625043745d99ba1793645e16853c4b143d2e3ff5140c1fde",
                "sha256:2bc8350500970bfdca618e3c82e65ee5ff54af2acbefa55640b7daa9c3bf18da",
                "sha256:cf196c70b77a93603d1794fe3a92477c98c6c317c047a25c51ff360d49de798f",
                "sha256:7328bc54a2c793c48c70f2c5c627b65227ae610383b8fdfd8908f24e806dbdd3",
                "sha256:e76909da2fad6966281d4e0e4ccfd3c3025699ebcc30806afa09fa1384c3532b"
            ],
            "markers": "python_version >= '3.0'",
            "version": "==3.3.0"
        },
        "oauth2": {
            "hashes": [
                "sha256:15b5c42301f46dd63113f1214b0d81a8b16254f65a86d3c32a1b52297f3266e6",
                "sha256:c006a85e7c60107c7cc6da1b184b5c719f6dd7202098196dfa6e55df669b59bf"
            ],
            "version": "==1.9.0.post1"
        },
        "praw": {
            "hashes": [
                "sha256:bdd892469fd53753923109e4c38b36ab26e9f918b0f41fc14386de7d6134ee33",
                "sha256:0bc5af6e00bb9963db29729c35ddc6ce46be20461c53d408c862a6ef264acbf4"
            ],
            "version": "==5.1.0"
        },
        "prawcore": {
            "hashes": [
                "sha256:34e3c71a9cda70025390e6d2c9acdac05525d111efa0531ab067131aff580120",
                "sha256:02467ddea7d438859732ed3304e2b414789cd5edf41341629748cfea43d95d81"
            ],
            "version": "==0.12.0"
        },
        "python-dateutil": {
            "hashes": [
                "sha256:95511bae634d69bc7329ba55e646499a842bc4ec342ad54a8cdb65645a0aad3c",
                "sha256:891c38b2a02f5bb1be3e4793866c8df49c7d19baabf9c1bad62547e0b4866aca"
            ],
            "version": "==2.6.1"
        },
        "pytumblr": {
            "hashes": [
                "sha256:a58c8b6026d2522f1c935a0978f3d605ed1bf44dd533e68284d6ea7cb247c32f"
            ],
            "version": "==0.0.6"
        },
        "pytz": {
            "hashes": [
                "sha256:c883c2d6670042c7bc1688645cac73dd2b03193d1f7a6847b6154e96890be06d",
                "sha256:03c9962afe00e503e2d96abab4e8998a0f84d4230fa57afe1e0528473698cdd9",
                "sha256:487e7d50710661116325747a9cd1744d3323f8e49748e287bc9e659060ec6bf9",
                "sha256:43f52d4c6a0be301d53ebd867de05e2926c35728b3260157d274635a0a947f1c",
                "sha256:d1d6729c85acea5423671382868627129432fba9a89ecbb248d8d1c7a9f01c67",
                "sha256:54a935085f7bf101f86b2aff75bd9672b435f51c3339db2ff616e66845f2b8f9",
                "sha256:39504670abb5dae77f56f8eb63823937ce727d7cdd0088e6909e6dcac0f89043",
                "sha256:ddc93b6d41cfb81266a27d23a79e13805d4a5521032b512643af8729041a81b4",
                "sha256:f5c056e8f62d45ba8215e5cb8f50dfccb198b4b9fbea8500674f3443e4689589"
            ],
            "version": "==2017.2"
        },
        "requests": {
            "hashes": [
                "sha256:6a1b267aa90cac58ac3a765d067950e7dbbf75b1da07e895d1f594193a40a38b",
                "sha256:9c443e7324ba5b85070c4a818ade28bfabedf16ea10206da1132edaa6dda237e"
            ],
            "version": "==2.18.4"
        },
        "six": {
            "hashes": [
                "sha256:832dc0e10feb1aa2c68dcc57dbb658f1c7e65b9b61af69048abc87a2db00a0eb",
                "sha256:70e8a77beed4562e7f14fe23a786b54f6296e34344c23bc42f07b15018ff98e9"
            ],
            "version": "==1.11.0"
        },
        "statsd": {
            "hashes": [
                "sha256:7aff40c6cdda703193fac6231410c6c0ad5939ce053a168016501e982c755c84",
                "sha256:3fa92bf0192af926f7a0d9be031fe3fd0fbaa1992d42cf2f07e68f76ac18288e"
            ],
            "version": "==3.2.1"
        },
        "tempora": {
            "hashes": [
                "sha256:0585dfc04d9ce2bb79665cf7b91cc421dd22600da479091628c3fcc3a37f1074",
                "sha256:9ea980c63be54f83d2a466fccc6eeef96a409f74c5034764fb328b0d43247e96"
            ],
            "version": "==1.9"
        },
        "toml": {
            "hashes": [
                "sha256:b3953bffe848ad9a6d554114d82f2dcb3e23945e90b4d9addc9956f37f336594"
            ],
            "version": "==0.9.2"
        },
        "update-checker": {
            "hashes": [
                "sha256:59cfad7f9a0ee99f95f1dfc60f55bf184937bcab46a7270341c2c33695572453",
                "sha256:70e39446fccf77b21192cf7a8214051fa93a636dc3b5c8b602b589d100a168b8"
            ],
            "version": "==0.16"
        },
        "urllib3": {
            "hashes": [
                "sha256:06330f386d6e4b195fbfc736b297f58c5a892e4440e54d294d7004e3a9bbea1b",
                "sha256:cc44da8e1145637334317feebd728bd869a35285b93cbb4cca2577da7e62db4f"
            ],
            "version": "==1.22"
        },
        "venusian": {
            "hashes": [
                "sha256:757162c5f907e18571b6ab41b7673e5bf18cc8715abf8164292eaef4f1610668",
                "sha256:9902e492c71a89a241a18b2f9950bea7e41d025cc8f3af1ea8d8201346f8577d"
            ],
            "version": "==1.1.0"
        },
        "websockets": {
            "hashes": [
                "sha256:e9c1cdbb591432c59d0b5ca64fd30b6d517024767f152fc169563b26e7bcc9da",
                "sha256:85ae1e4b36aa2e90de56d211d2de36d7c093d00277a9afdd9b4f81e69c0214ab",
                "sha256:2aa6d52264cecb08d39741e8fda49f5ac4872aef02617230c84d02e861f3cc5a",
                "sha256:8a29100079f5b91a72bcd25d35a7354db985d3babae42d00b9d629f9a0aaa8ac",
                "sha256:de743ef26b002efceea7d7756e99e5d38bf5d4f27563b8d27df2a9a5cc57340a",
                "sha256:aa42ecef3aed807e23218c264b1e82004cdd131a6698a10b57fc3d8af8f651fc",
                "sha256:c4c5b5ce2d66cb0cf193c14bc9726adca095febef0f7b2c04e5e3fa3487a97a4",
                "sha256:e1e568136ad5cb6768504be36d470a136b072acbf3ea882303aee6361be01941",
                "sha256:e8992f1db371f2a1c5af59e032d9dc7c1aa92f16241efcda695b7d955b4de0c2",
                "sha256:3d38f76f71654268e5533b45df125ff208fee242a102d4b5ca958da5cf5fb345",
                "sha256:4128212ab6f91afda03a0c697add261bdf6946b47928db83f07298ea2cd8d937",
                "sha256:b19e7ede1ba80ee9de6f5b8ccd31beee25402e68bef7c13eeb0b8bc46bc4b7b7",
                "sha256:7347af28fcc70eb45be409760c2a428f8199e7f73c04a621916c3c219ed7ad27",
                "sha256:2f5b7f3920f29609086fb0b63552bb1f86a04b8cbdcc0dbf3775cc90d489dfc8",
                "sha256:4a932c17cb11c361c286c04842dc2385cc7157019bbba8b64808acbc89a95584",
                "sha256:5ddc5fc121eb76771e990f071071d9530e27d20e8cfb804d9f5823de055837af",
                "sha256:a7e7585c8e3c0f9277ad7d6ee6ccddc69649cd216255d5e255d68f90482aeefa",
                "sha256:3fcc7dfb365e81ff8206f950c86d1e73accdf3be2f9110c0cb73be32d2e7a9a5",
                "sha256:09dfec40e9b73e8808c39ecdbc1733e33915a2b26b90c54566afc0af546a9ec3",
                "sha256:43e5b9f51dd0000a4c6f646e2ade0c886bd14a784ffac08b9e079bd17a63bcc5"
            ],
            "markers": "python_version >= '3.0'",
            "version": "==3.4"
        }
    },
    "develop": {
        "backports.shutil-get-terminal-size": {
            "hashes": [
                "sha256:0975ba55054c15e346944b38956a4c9cbee9009391e41b86c68990effb8c1f64",
                "sha256:713e7a8228ae80341c70586d1cc0a8caa5207346927e23d09dcbcaf18eadec80"
            ],
            "version": "==1.0.0"
        },
        "colorama": {
            "hashes": [
                "sha256:463f8483208e921368c9f306094eb6f725c6ca42b0f97e313cb5d5512459feda",
                "sha256:48eb22f4f8461b1df5734a074b57042430fb06e1d61bd1e11b078c0fe6d7a1f1"
            ],
            "version": "==0.3.9"
        },
        "coverage": {
            "hashes": [
                "sha256:c1456f66c536010cf9e4633a8853a9153e8fd588393695295afd4d0fc16c1d74",
                "sha256:97a7ec51cdde3a386e390b159b20f247ccb478084d925c75f1faa3d26c01335e",
                "sha256:83e955b975666b5a07d217135e7797857ce844eb340a99e46cc25525120417c4",
                "sha256:483ed14080c5301048128bb027b77978c632dd9e92e3ecb09b7e28f5b92abfcf",
                "sha256:ef574ab9640bcfa2f3c671831faf03f65788945fdf8efa4d4a1fffc034838e2a",
                "sha256:c5a205b4da3c624f5119dc4d84240789b5906bb8468902ec22dcc4aad8aa4638",
                "sha256:5dea90ed140e7fa9bc00463313f9bc4a6e6aff297b4969615e7a688615c4c4d2",
                "sha256:f9e83b39d29c2815a38e4118d776b482d4082b5bf9c9147fbc99a3f83abe480a",
                "sha256:700040c354f0230287906b1276635552a3def4b646e0145555bc9e2e5da9e365",
                "sha256:7f1eacae700c66c3d7362a433b228599c9d94a5a3a52613dddd9474e04deb6bc",
                "sha256:13ef9f799c8fb45c446a239df68034de3a6f3de274881b088bebd7f5661f79f8",
                "sha256:dfb011587e2b7299112f08a2a60d2601706aac9abde37aa1177ea825adaed923",
                "sha256:381be5d31d3f0d912334cf2c159bc7bea6bfe6b0e3df6061a3bf2bf88359b1f6",
                "sha256:83a477ac4f55a6ef59552683a0544d47b68a85ce6a80fd0ca6b3dc767f6495fb",
                "sha256:dfd35f1979da31bcabbe27bcf78d4284d69870731874af629082590023a77336",
                "sha256:9681efc2d310cfc53863cc6f63e88ebe7a48124550fa822147996cb09390b6ab",
                "sha256:53770b20ac5b4a12e99229d4bae57af0945be87cc257fce6c6c7571a39f0c5d4",
                "sha256:8801880d32f11b6df11c32a961e186774b4634ae39d7c43235f5a24368a85f07",
                "sha256:16db2c69a1acbcb3c13211e9f954e22b22a729909d81f983b6b9badacc466eda",
                "sha256:ef43a06a960b46c73c018704051e023ee6082030f145841ffafc8728039d5a88",
                "sha256:c3e2736664a6074fc9bd54fb643f5af0fc60bfedb2963b3d3f98c7450335e34c",
                "sha256:17709e22e4c9f5412ba90f446fb13b245cc20bf4a60377021bbff6c0f1f63e7c",
                "sha256:a2f7106d1167825c4115794c2ba57cc3b15feb6183db5328fa66f94c12902d8b",
                "sha256:2a08e978f402696c6956eee9d1b7e95d3ad042959b71bafe1f3e4557cbd6e0ac",
                "sha256:57f510bb16efaec0b6f371b64a8000c62e7e3b3e48e8b0a5745ade078d849814",
                "sha256:0f1883eab9c19aa243f51308751b8a2a547b9b817b721cc0ecf3efb99fafbea7",
                "sha256:e00fe141e22ce6e9395aa24d862039eb180c6b7e89df0bbaf9765e9aebe560a9",
                "sha256:ec596e4401553caa6dd2e3349ce47f9ef82c1f1bcba5d8ac3342724f0df8d6ff",
                "sha256:c820a533a943ebc860acc0ce6a00dd36e0fdf2c6f619ff8225755169428c5fa2",
                "sha256:b7f7283eb7badd2b8a9c6a9d6eeca200a0a24db6be79baee2c11398f978edcaa",
                "sha256:a5ed27ad3e8420b2d6b625dcbd3e59488c14ccc06030167bcf14ffb0f4189b77",
                "sha256:d7b70b7b4eb14d0753d33253fe4f121ca99102612e2719f0993607deb30c6f33",
                "sha256:4047dc83773869701bde934fb3c4792648eda7c0e008a77a0aec64157d246801",
                "sha256:7a9c44400ee0f3b4546066e0710e1250fd75831adc02ab99dda176ad8726f424",
                "sha256:0f649e68db74b1b5b8ca4161d08eb2b8fa8ae11af1ebfb80e80e112eb0ef5300",
                "sha256:52964fae0fafef8bd283ad8e9a9665205a9fdf912535434defc0ec3def1da26b",
                "sha256:36aa6c8db83bc27346ddcd8c2a60846a7178ecd702672689d3ea1828eb1a4d11",
                "sha256:9824e15b387d331c0fc0fef905a539ab69784368a1d6ac3db864b4182e520948",
                "sha256:4a678e1b9619a29c51301af61ab84122e2f8cc7a0a6b40854b808ac6be604300",
                "sha256:8bb7c8dca54109b61013bc4114d96effbf10dea136722c586bce3a5d9fc4e730",
                "sha256:1a41d621aa9b6ab6457b557a754d50aaff0813fad3453434de075496fca8a183",
                "sha256:0fa423599fc3d9e18177f913552cdb34a8d9ad33efcf52a98c9d4b644edb42c5",
                "sha256:e61a4ba0b2686040cb4828297c7e37bcaf3a1a1c0bc0dbe46cc789dde51a80fa",
                "sha256:ce9ef0fc99d11d418662e36fd8de6d71b19ec87c2eab961a117cc9d087576e72"
            ],
            "version": "==4.4.1"
        },
        "funcsigs": {
            "hashes": [
                "sha256:330cc27ccbf7f1e992e69fef78261dc7c6569012cf397db8d3de0234e6c937ca",
                "sha256:a7bb0f2cf3a3fd1ab2732cb49eba4252c2af4240442415b4abce3b87022a8f50"
            ],
            "markers": "python_version < '3.3'",
            "version": "==1.0.2"
        },
        "green": {
            "hashes": [
                "sha256:0a64e7372079f57643e26e220d1d8ccecb26ba6416963d61e2ec20d2990eda98"
            ],
            "version": "==2.11.0"
        },
        "mock": {
            "hashes": [
                "sha256:5ce3c71c5545b472da17b72268978914d0252980348636840bd34a00b5cc96c1",
                "sha256:b158b6df76edd239b8208d481dc46b6afd45a846b7812ff0ce58971cf5bc8bba"
            ],
            "version": "==2.0.0"
        },
        "pbr": {
            "hashes": [
                "sha256:60c25b7dfd054ef9bb0ae327af949dd4676aa09ac3a9471cdc871d8a9213f9ac",
                "sha256:05f61c71aaefc02d8e37c0a3eeb9815ff526ea28b3b76324769e6158d7f95be1"
            ],
            "version": "==3.1.1"
        },
        "python-termstyle": {
            "hashes": [
                "sha256:f42a6bb16fbfc5e2c66d553e7ad46524ea833872f75ee5d827c15115fafc94e2",
                "sha256:6faf42ba42f2826c38cf70dacb3ac51f248a418e48afc0e36593df11cf3ab1d2"
            ],
            "version": "==0.1.10"
        },
        "six": {
            "hashes": [
                "sha256:832dc0e10feb1aa2c68dcc57dbb658f1c7e65b9b61af69048abc87a2db00a0eb",
                "sha256:70e8a77beed4562e7f14fe23a786b54f6296e34344c23bc42f07b15018ff98e9"
            ],
            "version": "==1.11.0"
        },
        "unidecode": {
            "hashes": [
                "sha256:61f807220eda0203a774a09f84b4304a3f93b5944110cc132af29ddb81366883",
                "sha256:280a6ab88e1f2eb5af79edff450021a0d3f0448952847cd79677e55e58bad051"
            ],
            "version": "==0.4.21"
        }
    }
}
